
Microsoft Visual Studio Solution File, Format Version 12.00
# Visual Studio Version 17
VisualStudioVersion = 17.10.35013.160
MinimumVisualStudioVersion = 10.0.40219.1
Project("{9A19103F-16F7-4668-BE54-9A1E7A4F7556}") = "Process.Application", "Process.Application\Process.Application.csproj", "{EF0626AC-A27F-4F4A-97F8-029DA4FB6D82}"
EndProject
Project("{FAE04EC0-301F-11D3-BF4B-00C04F79EFBC}") = "Process.DWDataReader", "Process.DWDataReader\Process.DWDataReader.csproj", "{AFB35090-C113-462B-9A37-94F85061513F}"
EndProject
Global
	GlobalSection(SolutionConfigurationPlatforms) = preSolution
		Debug|Any CPU = Debug|Any CPU
		Debug|x64 = Debug|x64
		Release|Any CPU = Release|Any CPU
		Release|x64 = Release|x64
	EndGlobalSection
	GlobalSection(ProjectConfigurationPlatforms) = postSolution
		{EF0626AC-A27F-4F4A-97F8-029DA4FB6D82}.Debug|Any CPU.ActiveCfg = Debug|Any CPU
		{EF0626AC-A27F-4F4A-97F8-029DA4FB6D82}.Debug|Any CPU.Build.0 = Debug|Any CPU
		{EF0626AC-A27F-4F4A-97F8-029DA4FB6D82}.Debug|x64.ActiveCfg = Debug|x64
		{EF0626AC-A27F-4F4A-97F8-029DA4FB6D82}.Debug|x64.Build.0 = Debug|x64
		{EF0626AC-A27F-4F4A-97F8-029DA4FB6D82}.Release|Any CPU.ActiveCfg = Release|Any CPU
		{EF0626AC-A27F-4F4A-97F8-029DA4FB6D82}.Release|Any CPU.Build.0 = Release|Any CPU
		{EF0626AC-A27F-4F4A-97F8-029DA4FB6D82}.Release|x64.ActiveCfg = Release|x64
		{EF0626AC-A27F-4F4A-97F8-029DA4FB6D82}.Release|x64.Build.0 = Release|x64
		{AFB35090-C113-462B-9A37-94F85061513F}.Debug|Any CPU.ActiveCfg = Debug|Any CPU
		{AFB35090-C113-462B-9A37-94F85061513F}.Debug|Any CPU.Build.0 = Debug|Any CPU
		{AFB35090-C113-462B-9A37-94F85061513F}.Debug|x64.ActiveCfg = Debug|Any CPU
		{AFB35090-C113-462B-9A37-94F85061513F}.Debug|x64.Build.0 = Debug|Any CPU
		{AFB35090-C113-462B-9A37-94F85061513F}.Release|Any CPU.ActiveCfg = Release|Any CPU
		{AFB35090-C113-462B-9A37-94F85061513F}.Release|Any CPU.Build.0 = Release|Any CPU
		{AFB35090-C113-462B-9A37-94F85061513F}.Release|x64.ActiveCfg = Release|Any CPU
		{AFB35090-C113-462B-9A37-94F85061513F}.Release|x64.Build.0 = Release|Any CPU
	EndGlobalSection
	GlobalSection(SolutionProperties) = preSolution
		HideSolutionNode = FALSE
	EndGlobalSection
	GlobalSection(ExtensibilityGlobals) = postSolution
		SolutionGuid = {7E22B87B-CE95-4D49-B562-C994C1DD30DB}
	EndGlobalSection
EndGlobal
